
Microsoft Visual Studio Solution File, Format Version 12.00
# Visual Studio Version 17
VisualStudioVersion = 17.14.36616.10
MinimumVisualStudioVersion = 10.0.40219.1
Project("{FAE04EC0-301F-11D3-BF4B-00C04F79EFBC}") = "Avatar_Mod_Administración", "Avatar_Mod_Administración\Avatar_Mod_Administración.csproj", "{3E3A911C-AA83-814A-4F0C-B72B767DCC9B}"
EndProject
Project("{FAE04EC0-301F-11D3-BF4B-00C04F79EFBC}") = "USR5", "USR5\USR5.csproj", "{2C905BFB-E28B-3568-0A82-04CC1343FF18}"
EndProject
Project("{FAE04EC0-301F-11D3-BF4B-00C04F79EFBC}") = "Adm_Notas", "Adm_Notas\Adm_Notas.csproj", "{44A3D257-B407-4B4B-B556-3A27162462A8}"
EndProject
Project("{FAE04EC0-301F-11D3-BF4B-00C04F79EFBC}") = "Mod_Academico", "Mod_Academico\Mod_Academico.csproj", "{49FEF140-EC7F-C14B-DB6A-3B9F8173C655}"
EndProject
Project("{FAE04EC0-301F-11D3-BF4B-00C04F79EFBC}") = "Estudiantes_Matriculados", "Estudiantes_Matriculados\Estudiantes_Matriculados.csproj", "{F327610E-33BF-5806-E980-0B9F4F2484E0}"
EndProject
Global
	GlobalSection(SolutionConfigurationPlatforms) = preSolution
		Debug|Any CPU = Debug|Any CPU
		Release|Any CPU = Release|Any CPU
	EndGlobalSection
	GlobalSection(ProjectConfigurationPlatforms) = postSolution
		{3E3A911C-AA83-814A-4F0C-B72B767DCC9B}.Debug|Any CPU.ActiveCfg = Debug|Any CPU
		{3E3A911C-AA83-814A-4F0C-B72B767DCC9B}.Debug|Any CPU.Build.0 = Debug|Any CPU
		{3E3A911C-AA83-814A-4F0C-B72B767DCC9B}.Release|Any CPU.ActiveCfg = Release|Any CPU
		{3E3A911C-AA83-814A-4F0C-B72B767DCC9B}.Release|Any CPU.Build.0 = Release|Any CPU
		{2C905BFB-E28B-3568-0A82-04CC1343FF18}.Debug|Any CPU.ActiveCfg = Debug|Any CPU
		{2C905BFB-E28B-3568-0A82-04CC1343FF18}.Debug|Any CPU.Build.0 = Debug|Any CPU
		{2C905BFB-E28B-3568-0A82-04CC1343FF18}.Release|Any CPU.ActiveCfg = Release|Any CPU
		{2C905BFB-E28B-3568-0A82-04CC1343FF18}.Release|Any CPU.Build.0 = Release|Any CPU
		{44A3D257-B407-4B4B-B556-3A27162462A8}.Debug|Any CPU.ActiveCfg = Debug|Any CPU
		{44A3D257-B407-4B4B-B556-3A27162462A8}.Debug|Any CPU.Build.0 = Debug|Any CPU
		{44A3D257-B407-4B4B-B556-3A27162462A8}.Release|Any CPU.ActiveCfg = Release|Any CPU
		{44A3D257-B407-4B4B-B556-3A27162462A8}.Release|Any CPU.Build.0 = Release|Any CPU
		{49FEF140-EC7F-C14B-DB6A-3B9F8173C655}.Debug|Any CPU.ActiveCfg = Debug|Any CPU
		{49FEF140-EC7F-C14B-DB6A-3B9F8173C655}.Debug|Any CPU.Build.0 = Debug|Any CPU
		{49FEF140-EC7F-C14B-DB6A-3B9F8173C655}.Release|Any CPU.ActiveCfg = Release|Any CPU
		{49FEF140-EC7F-C14B-DB6A-3B9F8173C655}.Release|Any CPU.Build.0 = Release|Any CPU
		{F327610E-33BF-5806-E980-0B9F4F2484E0}.Debug|Any CPU.ActiveCfg = Debug|Any CPU
		{F327610E-33BF-5806-E980-0B9F4F2484E0}.Debug|Any CPU.Build.0 = Debug|Any CPU
		{F327610E-33BF-5806-E980-0B9F4F2484E0}.Release|Any CPU.ActiveCfg = Release|Any CPU
		{F327610E-33BF-5806-E980-0B9F4F2484E0}.Release|Any CPU.Build.0 = Release|Any CPU
	EndGlobalSection
	GlobalSection(SolutionProperties) = preSolution
		HideSolutionNode = FALSE
	EndGlobalSection
	GlobalSection(ExtensibilityGlobals) = postSolution
		SolutionGuid = {1F667FCF-0F9E-424B-ADFC-CF256A3E2F03}
	EndGlobalSection
EndGlobal
