
Microsoft Visual Studio Solution File, Format Version 12.00
# Visual Studio Version 17
VisualStudioVersion = 17.14.36616.10
MinimumVisualStudioVersion = 10.0.40219.1
Project("{FAE04EC0-301F-11D3-BF4B-00C04F79EFBC}") = "Avatar_Mod_Administración", "Avatar_Mod_Administración\Avatar_Mod_Administración.csproj", "{3E3A911C-AA83-814A-4F0C-B72B767DCC9B}"
EndProject
Project("{FAE04EC0-301F-11D3-BF4B-00C04F79EFBC}") = "USR5", "USR5\USR5.csproj", "{2C905BFB-E28B-3568-0A82-04CC1343FF18}"
EndProject
Project("{FAE04EC0-301F-11D3-BF4B-00C04F79EFBC}") = "USR4", "USR4\USR4.csproj", "{18561BBF-12C9-3C47-43C0-696116E14D4C}"
EndProject
Project("{FAE04EC0-301F-11D3-BF4B-00C04F79EFBC}") = "USR3", "USR3\USR3.csproj", "{6854C502-F48C-0B42-3CEF-9CBBF6AF6FEC}"
EndProject
Project("{FAE04EC0-301F-11D3-BF4B-00C04F79EFBC}") = "USR2", "Proyecto1\USR2.csproj", "{77C0A16F-9538-9EAF-E852-E9C86C980138}"
EndProject
Project("{FAE04EC0-301F-11D3-BF4B-00C04F79EFBC}") = "USR1", "USR1\USR1.csproj", "{3BA7D065-3F59-27B8-F0BA-95FAE3CF71FA}"
EndProject
Project("{FAE04EC0-301F-11D3-BF4B-00C04F79EFBC}") = "ACD1", "ACD1\ACD1.csproj", "{D6B5E487-2808-EC43-EAEA-14AF1060A14B}"
EndProject
Project("{FAE04EC0-301F-11D3-BF4B-00C04F79EFBC}") = "Modulo_General", "Modulo_General\Modulo_General.csproj", "{83CB8C54-C5DB-7A60-2719-6FA4F8DB71A2}"
EndProject
Project("{FAE04EC0-301F-11D3-BF4B-00C04F79EFBC}") = "Adm_Notas", "Adm_Notas\Adm_Notas.csproj", "{44A3D257-B407-4B4B-B556-3A27162462A8}"
EndProject
Project("{FAE04EC0-301F-11D3-BF4B-00C04F79EFBC}") = "Mod_Academico", "Mod_Academico\Mod_Academico.csproj", "{49FEF140-EC7F-C14B-DB6A-3B9F8173C655}"
EndProject
Project("{FAE04EC0-301F-11D3-BF4B-00C04F79EFBC}") = "Estudiantes_Matriculados", "Estudiantes_Matriculados\Estudiantes_Matriculados.csproj", "{F327610E-33BF-5806-E980-0B9F4F2484E0}"
EndProject
Project("{FAE04EC0-301F-11D3-BF4B-00C04F79EFBC}") = "Adm_Facturacion", "Adm_Facturacion\Adm_Facturacion.csproj", "{C0C8204B-DFF6-BCA4-D9FE-E84235BDB71C}"
EndProject
Project("{FAE04EC0-301F-11D3-BF4B-00C04F79EFBC}") = "Adm_Pagos", "ADM_Pagos\Adm_Pagos.csproj", "{FB87C9C5-DFC0-F28E-7909-54BE14D57D66}"
EndProject
Project("{FAE04EC0-301F-11D3-BF4B-00C04F79EFBC}") = "ACD2", "ACD2\ACD2.csproj", "{8D05054A-995E-5327-997E-B91550BC2B40}"
EndProject
Global
	GlobalSection(SolutionConfigurationPlatforms) = preSolution
		Debug|Any CPU = Debug|Any CPU
		Release|Any CPU = Release|Any CPU
	EndGlobalSection
	GlobalSection(ProjectConfigurationPlatforms) = postSolution
		{3E3A911C-AA83-814A-4F0C-B72B767DCC9B}.Debug|Any CPU.ActiveCfg = Debug|Any CPU
		{3E3A911C-AA83-814A-4F0C-B72B767DCC9B}.Debug|Any CPU.Build.0 = Debug|Any CPU
		{3E3A911C-AA83-814A-4F0C-B72B767DCC9B}.Release|Any CPU.ActiveCfg = Release|Any CPU
		{3E3A911C-AA83-814A-4F0C-B72B767DCC9B}.Release|Any CPU.Build.0 = Release|Any CPU
		{2C905BFB-E28B-3568-0A82-04CC1343FF18}.Debug|Any CPU.ActiveCfg = Debug|Any CPU
		{2C905BFB-E28B-3568-0A82-04CC1343FF18}.Debug|Any CPU.Build.0 = Debug|Any CPU
		{2C905BFB-E28B-3568-0A82-04CC1343FF18}.Release|Any CPU.ActiveCfg = Release|Any CPU
		{2C905BFB-E28B-3568-0A82-04CC1343FF18}.Release|Any CPU.Build.0 = Release|Any CPU
		{18561BBF-12C9-3C47-43C0-696116E14D4C}.Debug|Any CPU.ActiveCfg = Debug|Any CPU
		{18561BBF-12C9-3C47-43C0-696116E14D4C}.Debug|Any CPU.Build.0 = Debug|Any CPU
		{18561BBF-12C9-3C47-43C0-696116E14D4C}.Release|Any CPU.ActiveCfg = Release|Any CPU
		{18561BBF-12C9-3C47-43C0-696116E14D4C}.Release|Any CPU.Build.0 = Release|Any CPU
		{6854C502-F48C-0B42-3CEF-9CBBF6AF6FEC}.Debug|Any CPU.ActiveCfg = Debug|Any CPU
		{6854C502-F48C-0B42-3CEF-9CBBF6AF6FEC}.Debug|Any CPU.Build.0 = Debug|Any CPU
		{6854C502-F48C-0B42-3CEF-9CBBF6AF6FEC}.Release|Any CPU.ActiveCfg = Release|Any CPU
		{6854C502-F48C-0B42-3CEF-9CBBF6AF6FEC}.Release|Any CPU.Build.0 = Release|Any CPU
		{77C0A16F-9538-9EAF-E852-E9C86C980138}.Debug|Any CPU.ActiveCfg = Debug|Any CPU
		{77C0A16F-9538-9EAF-E852-E9C86C980138}.Debug|Any CPU.Build.0 = Debug|Any CPU
		{77C0A16F-9538-9EAF-E852-E9C86C980138}.Release|Any CPU.ActiveCfg = Release|Any CPU
		{77C0A16F-9538-9EAF-E852-E9C86C980138}.Release|Any CPU.Build.0 = Release|Any CPU
		{3BA7D065-3F59-27B8-F0BA-95FAE3CF71FA}.Debug|Any CPU.ActiveCfg = Debug|Any CPU
		{3BA7D065-3F59-27B8-F0BA-95FAE3CF71FA}.Debug|Any CPU.Build.0 = Debug|Any CPU
		{3BA7D065-3F59-27B8-F0BA-95FAE3CF71FA}.Release|Any CPU.ActiveCfg = Release|Any CPU
		{3BA7D065-3F59-27B8-F0BA-95FAE3CF71FA}.Release|Any CPU.Build.0 = Release|Any CPU
		{D6B5E487-2808-EC43-EAEA-14AF1060A14B}.Debug|Any CPU.ActiveCfg = Debug|Any CPU
		{D6B5E487-2808-EC43-EAEA-14AF1060A14B}.Debug|Any CPU.Build.0 = Debug|Any CPU
		{D6B5E487-2808-EC43-EAEA-14AF1060A14B}.Release|Any CPU.ActiveCfg = Release|Any CPU
		{D6B5E487-2808-EC43-EAEA-14AF1060A14B}.Release|Any CPU.Build.0 = Release|Any CPU
		{83CB8C54-C5DB-7A60-2719-6FA4F8DB71A2}.Debug|Any CPU.ActiveCfg = Debug|Any CPU
		{83CB8C54-C5DB-7A60-2719-6FA4F8DB71A2}.Debug|Any CPU.Build.0 = Debug|Any CPU
		{83CB8C54-C5DB-7A60-2719-6FA4F8DB71A2}.Release|Any CPU.ActiveCfg = Release|Any CPU
		{83CB8C54-C5DB-7A60-2719-6FA4F8DB71A2}.Release|Any CPU.Build.0 = Release|Any CPU
		{44A3D257-B407-4B4B-B556-3A27162462A8}.Debug|Any CPU.ActiveCfg = Debug|Any CPU
		{44A3D257-B407-4B4B-B556-3A27162462A8}.Debug|Any CPU.Build.0 = Debug|Any CPU
		{44A3D257-B407-4B4B-B556-3A27162462A8}.Release|Any CPU.ActiveCfg = Release|Any CPU
		{44A3D257-B407-4B4B-B556-3A27162462A8}.Release|Any CPU.Build.0 = Release|Any CPU
		{49FEF140-EC7F-C14B-DB6A-3B9F8173C655}.Debug|Any CPU.ActiveCfg = Debug|Any CPU
		{49FEF140-EC7F-C14B-DB6A-3B9F8173C655}.Debug|Any CPU.Build.0 = Debug|Any CPU
		{49FEF140-EC7F-C14B-DB6A-3B9F8173C655}.Release|Any CPU.ActiveCfg = Release|Any CPU
		{49FEF140-EC7F-C14B-DB6A-3B9F8173C655}.Release|Any CPU.Build.0 = Release|Any CPU
		{F327610E-33BF-5806-E980-0B9F4F2484E0}.Debug|Any CPU.ActiveCfg = Debug|Any CPU
		{F327610E-33BF-5806-E980-0B9F4F2484E0}.Debug|Any CPU.Build.0 = Debug|Any CPU
		{F327610E-33BF-5806-E980-0B9F4F2484E0}.Release|Any CPU.ActiveCfg = Release|Any CPU
		{F327610E-33BF-5806-E980-0B9F4F2484E0}.Release|Any CPU.Build.0 = Release|Any CPU
		{C0C8204B-DFF6-BCA4-D9FE-E84235BDB71C}.Debug|Any CPU.ActiveCfg = Debug|Any CPU
		{C0C8204B-DFF6-BCA4-D9FE-E84235BDB71C}.Debug|Any CPU.Build.0 = Debug|Any CPU
		{C0C8204B-DFF6-BCA4-D9FE-E84235BDB71C}.Release|Any CPU.ActiveCfg = Release|Any CPU
		{C0C8204B-DFF6-BCA4-D9FE-E84235BDB71C}.Release|Any CPU.Build.0 = Release|Any CPU
		{FB87C9C5-DFC0-F28E-7909-54BE14D57D66}.Debug|Any CPU.ActiveCfg = Debug|Any CPU
		{FB87C9C5-DFC0-F28E-7909-54BE14D57D66}.Debug|Any CPU.Build.0 = Debug|Any CPU
		{FB87C9C5-DFC0-F28E-7909-54BE14D57D66}.Release|Any CPU.ActiveCfg = Release|Any CPU
		{FB87C9C5-DFC0-F28E-7909-54BE14D57D66}.Release|Any CPU.Build.0 = Release|Any CPU
		{8D05054A-995E-5327-997E-B91550BC2B40}.Debug|Any CPU.ActiveCfg = Debug|Any CPU
		{8D05054A-995E-5327-997E-B91550BC2B40}.Debug|Any CPU.Build.0 = Debug|Any CPU
		{8D05054A-995E-5327-997E-B91550BC2B40}.Release|Any CPU.ActiveCfg = Release|Any CPU
		{8D05054A-995E-5327-997E-B91550BC2B40}.Release|Any CPU.Build.0 = Release|Any CPU
	EndGlobalSection
	GlobalSection(SolutionProperties) = preSolution
		HideSolutionNode = FALSE
	EndGlobalSection
	GlobalSection(ExtensibilityGlobals) = postSolution
		SolutionGuid = {1F667FCF-0F9E-424B-ADFC-CF256A3E2F03}
	EndGlobalSection
EndGlobal
